hash: 062d4031287c2ea9279df7a8e838d6c4e682de18a0941967be87ee7935a8f1f2
updated: 2016-05-06T19:00:18.257889299+01:00
imports:
- name: github.com/agl/ed25519
  version: d2b94fd789ea21d12fac1a4443dd3a3f79cda72c
  subpackages:
  - edwards25519
- name: github.com/BurntSushi/toml
  version: 056c9bc7be7190eaa7715723883caffa5f8fa3e4
- name: github.com/eris-ltd/common
  version: 31d06f51b52a9f2e841db234eb53997f2e4cd860
  subpackages:
  - go/common
  - go/log
- name: github.com/eris-ltd/eris-cm
  version: bf810d0775be1f6efb936a2b3a1f679431f7f88f
  subpackages:
  - Godeps/_workspace/src/github.com/Sirupsen/logrus
  - Godeps/_workspace/src/github.com/eris-ltd/common/go/common
  - Godeps/_workspace/src/github.com/eris-ltd/common/go/log
  - Godeps/_workspace/src/github.com/eris-ltd/eris-keys/eris-keys
  - Godeps/_workspace/src/github.com/spf13/cobra
  - definitions
  - maker
  - util
  - version
  - cmd
  - Godeps/_workspace/src/github.com/BurntSushi/toml
  - Godeps/_workspace/src/github.com/spf13/viper
  - Godeps/_workspace/src/github.com/mitchellh/go-homedir
  - Godeps/_workspace/src/code.google.com/p/go.crypto/ripemd160
  - Godeps/_workspace/src/github.com/eris-ltd/eris-keys/crypto
  - Godeps/_workspace/src/github.com/howeyc/gopass
  - Godeps/_workspace/src/github.com/rs/cors
  - Godeps/_workspace/src/github.com/tendermint/tendermint/account
  - Godeps/_workspace/src/github.com/tendermint/tendermint/wire
  - Godeps/_workspace/src/github.com/spf13/pflag
  - Godeps/_workspace/src/github.com/kr/pretty
  - Godeps/_workspace/src/github.com/magiconair/properties
  - Godeps/_workspace/src/github.com/mitchellh/mapstructure
  - Godeps/_workspace/src/github.com/spf13/cast
  - Godeps/_workspace/src/github.com/spf13/jwalterweatherman
  - Godeps/_workspace/src/gopkg.in/yaml.v2
  - Godeps/_workspace/src/code.google.com/p/go-uuid/uuid
  - Godeps/_workspace/src/github.com/eris-ltd/eris-keys/crypto/randentropy
  - Godeps/_workspace/src/github.com/eris-ltd/eris-keys/crypto/secp256k1
  - Godeps/_workspace/src/github.com/eris-ltd/eris-keys/crypto/sha3
  - Godeps/_workspace/src/github.com/tendermint/ed25519
  - Godeps/_workspace/src/golang.org/x/crypto/scrypt
  - Godeps/_workspace/src/golang.org/x/crypto/ssh/terminal
  - Godeps/_workspace/src/github.com/tendermint/ed25519/extra25519
  - Godeps/_workspace/src/github.com/tendermint/tendermint/common
  - Godeps/_workspace/src/github.com/tendermint/tendermint/merkle
  - Godeps/_workspace/src/github.com/tendermint/tendermint/permission/types
  - Godeps/_workspace/src/golang.org/x/crypto/ripemd160
  - Godeps/_workspace/src/github.com/tendermint/log15
  - Godeps/_workspace/src/github.com/tendermint/tendermint/logger
  - Godeps/_workspace/src/github.com/kr/text
  - Godeps/_workspace/src/github.com/agl/ed25519/edwards25519
  - Godeps/_workspace/src/golang.org/x/crypto/pbkdf2
  - Godeps/_workspace/src/github.com/tendermint/tendermint/db
  - Godeps/_workspace/src/github.com/inconshreveable/log15/stack
  - Godeps/_workspace/src/github.com/inconshreveable/log15/term
  - Godeps/_workspace/src/github.com/mattn/go-colorable
  - Godeps/_workspace/src/github.com/tendermint/tendermint/config
  - Godeps/_workspace/src/github.com/syndtr/goleveldb/leveldb
  - Godeps/_workspace/src/github.com/syndtr/goleveldb/leveldb/errors
  - Godeps/_workspace/src/github.com/syndtr/goleveldb/leveldb/opt
  - Godeps/_workspace/src/github.com/syndtr/goleveldb/leveldb/cache
  - Godeps/_workspace/src/github.com/syndtr/goleveldb/leveldb/comparer
  - Godeps/_workspace/src/github.com/syndtr/goleveldb/leveldb/filter
  - Godeps/_workspace/src/github.com/syndtr/goleveldb/leveldb/iterator
  - Godeps/_workspace/src/github.com/syndtr/goleveldb/leveldb/journal
  - Godeps/_workspace/src/github.com/syndtr/goleveldb/leveldb/memdb
  - Godeps/_workspace/src/github.com/syndtr/goleveldb/leveldb/storage
  - Godeps/_workspace/src/github.com/syndtr/goleveldb/leveldb/table
  - Godeps/_workspace/src/github.com/syndtr/goleveldb/leveldb/util
  - Godeps/_workspace/src/github.com/syndtr/gosnappy/snappy
- name: github.com/eris-ltd/eris-keys
  version: 3cdffbb11309285596628195f041c6d1808b3459
  subpackages:
  - crypto
  - eris-keys
- name: github.com/fsouza/go-dockerclient
  version: ef410296f87750305e1e1acf9ad2ba3833dcb004
  subpackages:
  - external/github.com/Sirupsen/logrus
  - external/github.com/docker/docker/pkg/archive
  - external/github.com/docker/docker/pkg/fileutils
  - external/github.com/docker/docker/pkg/idtools
  - external/github.com/docker/docker/pkg/ioutils
  - external/github.com/docker/docker/pkg/pools
  - external/github.com/docker/docker/pkg/promise
  - external/github.com/docker/docker/pkg/system
  - external/github.com/docker/docker/pkg/units
- name: github.com/howeyc/gopass
  version: 10b54de414cc9693221d5ff2ae14fd2fbf1b0ac1
- name: github.com/inconshreveable/log15
  version: 352fceb48e895bd1dd0b9f5d3ae8f8516c49af0f
  subpackages:
  - stack
  - term
- name: github.com/inconshreveable/mousetrap
  version: 76626ae9c91c4f2a10f34cad8ce83ea42c93bb75
- name: github.com/kr/pretty
  version: cb0850c1681cbca3233e84f7e6ec3e4c3f352085
- name: github.com/kr/text
  version: 6807e777504f54ad073ecef66747de158294b639
- name: github.com/magiconair/properties
  version: d5929c67198951106f49f7ea425198d0f1a08f7f
- name: github.com/mattn/go-colorable
  version: 043ae16291351db8465272edf465c9f388161627
- name: github.com/mattn/go-isatty
  version: 56b76bdf51f7708750eac80fa38b952bb9f32639
- name: github.com/mitchellh/go-homedir
  version: df55a15e5ce646808815381b3db47a8c66ea62f4
- name: github.com/mitchellh/mapstructure
  version: 542b39186cdb2013d4acdf713d5e11671c2fe934
- name: github.com/rs/cors
  version: 6e0c3cb65fc0fdb064c743d176a620e3ca446dfb
- name: github.com/Sirupsen/logrus
  version: f7f79f729e0fbe2fcc061db48a9ba0263f588252
- name: github.com/spf13/cast
  version: 2c4fdb5416dd394ff5e61fcdb8eb4f09e46a2ed8
- name: github.com/spf13/cobra
  version: 8e91712f174ced10270cf66615e0a9127e7c4de5
- name: github.com/spf13/jwalterweatherman
  version: 3d60171a64319ef63c78bd45bd60e6eab1e75f8b
- name: github.com/spf13/pflag
  version: 08b1a584251b5b62f458943640fc8ebd4d50aaa5
- name: github.com/spf13/viper
  version: 9fca10189b1307bba68b2cd487dd93da0bfbda06
- name: github.com/syndtr/goleveldb
  version: 4875955338b0a434238a31165cb87255ab6e9e4a
  subpackages:
  - leveldb
- name: github.com/syndtr/gosnappy
  version: 156a073208e131d7d2e212cb749feae7c339e846
  subpackages:
  - snappy
- name: github.com/tendermint/ed25519
  version: 533fb6548e2071076888eda3c38749d707ba49bc
- name: github.com/tendermint/log15
  version: 6e460758f10ef42a4724b8e4a82fee59aaa0e41d
- name: github.com/tendermint/tendermint
  version: b59ed8c9d2881f5a62a60a9cf5c350d9f00f27e0
  subpackages:
  - account
  - common
  - config
  - db
  - logger
  - merkle
  - permission/types
  - wire
- name: golang.org/x/crypto
  version: 4ed45ec682102c643324fae5dff8dab085b6c300
  subpackages:
  - pbkdf2
  - ripemd160
  - scrypt
  - ssh/terminal
- name: golang.org/x/sys
  version: b776ec39b3e54652e09028aaaaac9757f4f8211a
  subpackages:
  - unix
- name: gopkg.in/yaml.v2
  version: 5d6f7e02b7cdad63b06ab3877915532cd30073b4
devImports: []
